
Microsoft Visual Studio Solution File, Format Version 12.00
Project("{FAE04EC0-301F-11D3-BF4B-00C04F79EFBC}") = "Paral.Compiler", "Paral.Compiler\Paral.Compiler.csproj", "{1D67CD45-7DF6-42D4-BB8D-54D263C6AE58}"
EndProject
Global
	GlobalSection(SolutionConfigurationPlatforms) = preSolution
		Debug|Any CPU = Debug|Any CPU
		Release|Any CPU = Release|Any CPU
	EndGlobalSection
	GlobalSection(ProjectConfigurationPlatforms) = postSolution
		{1D67CD45-7DF6-42D4-BB8D-54D263C6AE58}.Debug|Any CPU.ActiveCfg = Debug|Any CPU
		{1D67CD45-7DF6-42D4-BB8D-54D263C6AE58}.Debug|Any CPU.Build.0 = Debug|Any CPU
		{1D67CD45-7DF6-42D4-BB8D-54D263C6AE58}.Release|Any CPU.ActiveCfg = Release|Any CPU
		{1D67CD45-7DF6-42D4-BB8D-54D263C6AE58}.Release|Any CPU.Build.0 = Release|Any CPU
	EndGlobalSection
EndGlobal
